
Microsoft Visual Studio Solution File, Format Version 12.00
# Visual Studio 14
VisualStudioVersion = 14.0.25420.1
MinimumVisualStudioVersion = 10.0.40219.1
Project("{FAE04EC0-301F-11D3-BF4B-00C04F79EFBC}") = "WcfBillet", "WcfBillet\WcfBillet.csproj", "{8701757C-8F88-4BB6-AF06-538E24D35C36}"
EndProject
Project("{FAE04EC0-301F-11D3-BF4B-00C04F79EFBC}") = "WcfBilletTests", "WcfBilletTests\WcfBilletTests.csproj", "{2331E76A-5698-4CD6-ABF9-9E82E34442AF}"
EndProject
Global
	GlobalSection(SolutionConfigurationPlatforms) = preSolution
		Debug|Any CPU = Debug|Any CPU
		Release|Any CPU = Release|Any CPU
	EndGlobalSection
	GlobalSection(ProjectConfigurationPlatforms) = postSolution
		{8701757C-8F88-4BB6-AF06-538E24D35C36}.Debug|Any CPU.ActiveCfg = Debug|Any CPU
		{8701757C-8F88-4BB6-AF06-538E24D35C36}.Debug|Any CPU.Build.0 = Debug|Any CPU
		{8701757C-8F88-4BB6-AF06-538E24D35C36}.Release|Any CPU.ActiveCfg = Release|Any CPU
		{8701757C-8F88-4BB6-AF06-538E24D35C36}.Release|Any CPU.Build.0 = Release|Any CPU
		{2331E76A-5698-4CD6-ABF9-9E82E34442AF}.Debug|Any CPU.ActiveCfg = Debug|Any CPU
		{2331E76A-5698-4CD6-ABF9-9E82E34442AF}.Debug|Any CPU.Build.0 = Debug|Any CPU
		{2331E76A-5698-4CD6-ABF9-9E82E34442AF}.Release|Any CPU.ActiveCfg = Release|Any CPU
		{2331E76A-5698-4CD6-ABF9-9E82E34442AF}.Release|Any CPU.Build.0 = Release|Any CPU
	EndGlobalSection
	GlobalSection(SolutionProperties) = preSolution
		HideSolutionNode = FALSE
	EndGlobalSection
EndGlobal
